// !$*UTF8*$!
{
	archiveVersion = 1;
	classes = {
	};
	objectVersion = 50;
	objects = {

/* Begin PBXBuildFile section */
		04087B4221C2874B00311F0F /* AppDelegate.m in Sources */ = {isa = PBXBuildFile; fileRef = 04087B4121C2874B00311F0F /* AppDelegate.m */; };
		04087B4521C2874B00311F0F /* ViewController.m in Sources */ = {isa = PBXBuildFile; fileRef = 04087B4421C2874B00311F0F /* ViewController.m */; };
		04087B4821C2874B00311F0F /* Main.storyboard in Resources */ = {isa = PBXBuildFile; fileRef = 04087B4621C2874B00311F0F /* Main.storyboard */; };
		04087B4A21C2874C00311F0F /* Assets.xcassets in Resources */ = {isa = PBXBuildFile; fileRef = 04087B4921C2874C00311F0F /* Assets.xcassets */; };
		04087B4D21C2874C00311F0F /* LaunchScreen.storyboard in Resources */ = {isa = PBXBuildFile; fileRef = 04087B4B21C2874C00311F0F /* LaunchScreen.storyboard */; };
		04087B5021C2874C00311F0F /* main.m in Sources */ = {isa = PBXBuildFile; fileRef = 04087B4F21C2874C00311F0F /* main.m */; };
		04087B5A21C2874C00311F0F /* GPUImageDemoTests.m in Sources */ = {isa = PBXBuildFile; fileRef = 04087B5921C2874C00311F0F /* GPUImageDemoTests.m */; };
		04087B6521C2874C00311F0F /* GPUImageDemoUITests.m in Sources */ = {isa = PBXBuildFile; fileRef = 04087B6421C2874C00311F0F /* GPUImageDemoUITests.m */; };
		07B526A396AC94F8AE4684C3 /* libPods-GPUImageDemoTests.a in Frameworks */ = {isa = PBXBuildFile; fileRef = 308B2B0D4F6CD3CBDD203897 /* libPods-GPUImageDemoTests.a */; };
		88F9B38DDF98E76172974A4B /* libPods-GPUImageDemoUITests.a in Frameworks */ = {isa = PBXBuildFile; fileRef = 9CBD42FCC41F5611CF29DC88 /* libPods-GPUImageDemoUITests.a */; };
		B4AA13FDD159885B4FA1441B /* libPods-GPUImageDemo.a in Frameworks */ = {isa = PBXBuildFile; fileRef = FCAD88EE676808E4003174C6 /* libPods-GPUImageDemo.a */; };
/* End PBXBuildFile section */

/* Begin PBXContainerItemProxy section */
		04087B5621C2874C00311F0F /* PBXContainerItemProxy */ = {
			isa = PBXContainerItemProxy;
			containerPortal = 04087B3521C2874B00311F0F /* Project object */;
			proxyType = 1;
			remoteGlobalIDString = 04087B3C21C2874B00311F0F;
			remoteInfo = GPUImageDemo;
		};
		04087B6121C2874C00311F0F /* PBXContainerItemProxy */ = {
			isa = PBXContainerItemProxy;
			containerPortal = 04087B3521C2874B00311F0F /* Project object */;
			proxyType = 1;
			remoteGlobalIDString = 04087B3C21C2874B00311F0F;
			remoteInfo = GPUImageDemo;
		};
/* End PBXContainerItemProxy section */

/* Begin PBXFileReference section */
		04087B3D21C2874B00311F0F /* GPUImageDemo.app */ = {isa = PBXFileReference; explicitFileType = wrapper.application; includeInIndex = 0; path = GPUImageDemo.app; sourceTree = BUILT_PRODUCTS_DIR; };
		04087B4021C2874B00311F0F /* AppDelegate.h */ = {isa = PBXFileReference; lastKnownFileType = sourcecode.c.h; path = AppDelegate.h; sourceTree = "<group>"; };
		04087B4121C2874B00311F0F /* AppDelegate.m */ = {isa = PBXFileReference; lastKnownFileType = sourcecode.c.objc; path = AppDelegate.m; sourceTree = "<group>"; };
		04087B4321C2874B00311F0F /* ViewController.h */ = {isa = PBXFileReference; lastKnownFileType = sourcecode.c.h; path = ViewController.h; sourceTree = "<group>"; };
		04087B4421C2874B00311F0F /* ViewController.m */ = {isa = PBXFileReference; lastKnownFileType = sourcecode.c.objc; path = ViewController.m; sourceTree = "<group>"; };
		04087B4721C2874B00311F0F /* Base */ = {isa = PBXFileReference; lastKnownFileType = file.storyboard; name = Base; path = Base.lproj/Main.storyboard; sourceTree = "<group>"; };
		04087B4921C2874C00311F0F /* Assets.xcassets */ = {isa = PBXFileReference; lastKnownFileType = folder.assetcatalog; path = Assets.xcassets; sourceTree = "<group>"; };
		04087B4C21C2874C00311F0F /* Base */ = {isa = PBXFileReference; lastKnownFileType = file.storyboard; name = Base; path = Base.lproj/LaunchScreen.storyboard; sourceTree = "<group>"; };
		04087B4E21C2874C00311F0F /* Info.plist */ = {isa = PBXFileReference; lastKnownFileType = text.plist.xml; path = Info.plist; sourceTree = "<group>"; };
		04087B4F21C2874C00311F0F /* main.m */ = {isa = PBXFileReference; lastKnownFileType = sourcecode.c.objc; path = main.m; sourceTree = "<group>"; };
		04087B5521C2874C00311F0F /* GPUImageDemoTests.xctest */ = {isa = PBXFileReference; explicitFileType = wrapper.cfbundle; includeInIndex = 0; path = GPUImageDemoTests.xctest; sourceTree = BUILT_PRODUCTS_DIR; };
		04087B5921C2874C00311F0F /* GPUImageDemoTests.m */ = {isa = PBXFileReference; lastKnownFileType = sourcecode.c.objc; path = GPUImageDemoTests.m; sourceTree = "<group>"; };
		04087B5B21C2874C00311F0F /* Info.plist */ = {isa = PBXFileReference; lastKnownFileType = text.plist.xml; path = Info.plist; sourceTree = "<group>"; };
		04087B6021C2874C00311F0F /* GPUImageDemoUITests.xctest */ = {isa = PBXFileReference; explicitFileType = wrapper.cfbundle; includeInIndex = 0; path = GPUImageDemoUITests.xctest; sourceTree = BUILT_PRODUCTS_DIR; };
		04087B6421C2874C00311F0F /* GPUImageDemoUITests.m */ = {isa = PBXFileReference; lastKnownFileType = sourcecode.c.objc; path = GPUImageDemoUITests.m; sourceTree = "<group>"; };
		04087B6621C2874C00311F0F /* Info.plist */ = {isa = PBXFileReference; lastKnownFileType = text.plist.xml; path = Info.plist; sourceTree = "<group>"; };
		1ECD46D1C86EBBDB192ADA27 /* Pods-GPUImageDemoUITests.debug.xcconfig */ = {isa = PBXFileReference; includeInIndex = 1; lastKnownFileType = text.xcconfig; name = "Pods-GPUImageDemoUITests.debug.xcconfig"; path = "Pods/Target Support Files/Pods-GPUImageDemoUITests/Pods-GPUImageDemoUITests.debug.xcconfig"; sourceTree = "<group>"; };
		308B2B0D4F6CD3CBDD203897 /* libPods-GPUImageDemoTests.a */ = {isa = PBXFileReference; explicitFileType = archive.ar; includeInIndex = 0; path = "libPods-GPUImageDemoTests.a"; sourceTree = BUILT_PRODUCTS_DIR; };
		559C03D19879AB77184BCFDF /* Pods-GPUImageDemo.release.xcconfig */ = {isa = PBXFileReference; includeInIndex = 1; lastKnownFileType = text.xcconfig; name = "Pods-GPUImageDemo.release.xcconfig"; path = "Pods/Target Support Files/Pods-GPUImageDemo/Pods-GPUImageDemo.release.xcconfig"; sourceTree = "<group>"; };
		6483F8777993FC424B986CEF /* Pods-GPUImageDemoUITests.release.xcconfig */ = {isa = PBXFileReference; includeInIndex = 1; lastKnownFileType = text.xcconfig; name = "Pods-GPUImageDemoUITests.release.xcconfig"; path = "Pods/Target Support Files/Pods-GPUImageDemoUITests/Pods-GPUImageDemoUITests.release.xcconfig"; sourceTree = "<group>"; };
		8F84FB8BB95D31B58FD4B808 /* Pods-GPUImageDemoTests.release.xcconfig */ = {isa = PBXFileReference; includeInIndex = 1; lastKnownFileType = text.xcconfig; name = "Pods-GPUImageDemoTests.release.xcconfig"; path = "Pods/Target Support Files/Pods-GPUImageDemoTests/Pods-GPUImageDemoTests.release.xcconfig"; sourceTree = "<group>"; };
		9CBD42FCC41F5611CF29DC88 /* libPods-GPUImageDemoUITests.a */ = {isa = PBXFileReference; explicitFileType = archive.ar; includeInIndex = 0; path = "libPods-GPUImageDemoUITests.a"; sourceTree = BUILT_PRODUCTS_DIR; };
		E011EE2D518DB4B2B98DE0E4 /* Pods-GPUImageDemo.debug.xcconfig */ = {isa = PBXFileReference; includeInIndex = 1; lastKnownFileType = text.xcconfig; name = "Pods-GPUImageDemo.debug.xcconfig"; path = "Pods/Target Support Files/Pods-GPUImageDemo/Pods-GPUImageDemo.debug.xcconfig"; sourceTree = "<group>"; };
		F06F30E074C6812C31C28828 /* Pods-GPUImageDemoTests.debug.xcconfig */ = {isa = PBXFileReference; includeInIndex = 1; lastKnownFileType = text.xcconfig; name = "Pods-GPUImageDemoTests.debug.xcconfig"; path = "Pods/Target Support Files/Pods-GPUImageDemoTests/Pods-GPUImageDemoTests.debug.xcconfig"; sourceTree = "<group>"; };
		FCAD88EE676808E4003174C6 /* libPods-GPUImageDemo.a */ = {isa = PBXFileReference; explicitFileType = archive.ar; includeInIndex = 0; path = "libPods-GPUImageDemo.a"; sourceTree = BUILT_PRODUCTS_DIR; };
/* End PBXFileReference section */

/* Begin PBXFrameworksBuildPhase section */
		04087B3A21C2874B00311F0F /* Frameworks */ = {
			isa = PBXFrameworksBuildPhase;
			buildActionMask = 2147483647;
			files = (
				B4AA13FDD159885B4FA1441B /* libPods-GPUImageDemo.a in Frameworks */,
			);
			runOnlyForDeploymentPostprocessing = 0;
		};
		04087B5221C2874C00311F0F /* Frameworks */ = {
			isa = PBXFrameworksBuildPhase;
			buildActionMask = 2147483647;
			files = (
				07B526A396AC94F8AE4684C3 /* libPods-GPUImageDemoTests.a in Frameworks */,
			);
			runOnlyForDeploymentPostprocessing = 0;
		};
		04087B5D21C2874C00311F0F /* Frameworks */ = {
			isa = PBXFrameworksBuildPhase;
			buildActionMask = 2147483647;
			files = (
				88F9B38DDF98E76172974A4B /* libPods-GPUImageDemoUITests.a in Frameworks */,
			);
			runOnlyForDeploymentPostprocessing = 0;
		};
/* End PBXFrameworksBuildPhase section */

/* Begin PBXGroup section */
		04087B3421C2874B00311F0F = {
			isa = PBXGroup;
			children = (
				04087B3F21C2874B00311F0F /* GPUImageDemo */,
				04087B5821C2874C00311F0F /* GPUImageDemoTests */,
				04087B6321C2874C00311F0F /* GPUImageDemoUITests */,
				04087B3E21C2874B00311F0F /* Products */,
				730C2DC703DF432D88444C19 /* Pods */,
				65172967BB82AC8824A75C55 /* Frameworks */,
			);
			sourceTree = "<group>";
		};
		04087B3E21C2874B00311F0F /* Products */ = {
			isa = PBXGroup;
			children = (
				04087B3D21C2874B00311F0F /* GPUImageDemo.app */,
				04087B5521C2874C00311F0F /* GPUImageDemoTests.xctest */,
				04087B6021C2874C00311F0F /* GPUImageDemoUITests.xctest */,
			);
			name = Products;
			sourceTree = "<group>";
		};
		04087B3F21C2874B00311F0F /* GPUImageDemo */ = {
			isa = PBXGroup;
			children = (
				04087B4021C2874B00311F0F /* AppDelegate.h */,
				04087B4121C2874B00311F0F /* AppDelegate.m */,
				04087B4321C2874B00311F0F /* ViewController.h */,
				04087B4421C2874B00311F0F /* ViewController.m */,
				04087B4621C2874B00311F0F /* Main.storyboard */,
				04087B4921C2874C00311F0F /* Assets.xcassets */,
				04087B4B21C2874C00311F0F /* LaunchScreen.storyboard */,
				04087B4E21C2874C00311F0F /* Info.plist */,
				04087B4F21C2874C00311F0F /* main.m */,
			);
			path = GPUImageDemo;
			sourceTree = "<group>";
		};
		04087B5821C2874C00311F0F /* GPUImageDemoTests */ = {
			isa = PBXGroup;
			children = (
				04087B5921C2874C00311F0F /* GPUImageDemoTests.m */,
				04087B5B21C2874C00311F0F /* Info.plist */,
			);
			path = GPUImageDemoTests;
			sourceTree = "<group>";
		};
		04087B6321C2874C00311F0F /* GPUImageDemoUITests */ = {
			isa = PBXGroup;
			children = (
				04087B6421C2874C00311F0F /* GPUImageDemoUITests.m */,
				04087B6621C2874C00311F0F /* Info.plist */,
			);
			path = GPUImageDemoUITests;
			sourceTree = "<group>";
		};
		65172967BB82AC8824A75C55 /* Frameworks */ = {
			isa = PBXGroup;
			children = (
				FCAD88EE676808E4003174C6 /* libPods-GPUImageDemo.a */,
				308B2B0D4F6CD3CBDD203897 /* libPods-GPUImageDemoTests.a */,
				9CBD42FCC41F5611CF29DC88 /* libPods-GPUImageDemoUITests.a */,
			);
			name = Frameworks;
			sourceTree = "<group>";
		};
		730C2DC703DF432D88444C19 /* Pods */ = {
			isa = PBXGroup;
			children = (
				E011EE2D518DB4B2B98DE0E4 /* Pods-GPUImageDemo.debug.xcconfig */,
				559C03D19879AB77184BCFDF /* Pods-GPUImageDemo.release.xcconfig */,
				F06F30E074C6812C31C28828 /* Pods-GPUImageDemoTests.debug.xcconfig */,
				8F84FB8BB95D31B58FD4B808 /* Pods-GPUImageDemoTests.release.xcconfig */,
				1ECD46D1C86EBBDB192ADA27 /* Pods-GPUImageDemoUITests.debug.xcconfig */,
				6483F8777993FC424B986CEF /* Pods-GPUImageDemoUITests.release.xcconfig */,
			);
			name = Pods;
			sourceTree = "<group>";
		};
/* End PBXGroup section */

/* Begin PBXNativeTarget section */
		04087B3C21C2874B00311F0F /* GPUImageDemo */ = {
			isa = PBXNativeTarget;
			buildConfigurationList = 04087B6921C2874C00311F0F /* Build configuration list for PBXNativeTarget "GPUImageDemo" */;
			buildPhases = (
				759E338C1B154B7046BC1F4A /* [CP] Check Pods Manifest.lock */,
				04087B3921C2874B00311F0F /* Sources */,
				04087B3A21C2874B00311F0F /* Frameworks */,
				04087B3B21C2874B00311F0F /* Resources */,
				95C56AC1E21C6DBDC418C168 /* [CP] Copy Pods Resources */,
			);
			buildRules = (
			);
			dependencies = (
			);
			name = GPUImageDemo;
			productName = GPUImageDemo;
			productReference = 04087B3D21C2874B00311F0F /* GPUImageDemo.app */;
			productType = "com.apple.product-type.application";
		};
		04087B5421C2874C00311F0F /* GPUImageDemoTests */ = {
			isa = PBXNativeTarget;
			buildConfigurationList = 04087B6C21C2874C00311F0F /* Build configuration list for PBXNativeTarget "GPUImageDemoTests" */;
			buildPhases = (
				508B2C49C34111786A80ED14 /* [CP] Check Pods Manifest.lock */,
				04087B5121C2874C00311F0F /* Sources */,
				04087B5221C2874C00311F0F /* Frameworks */,
				04087B5321C2874C00311F0F /* Resources */,
			);
			buildRules = (
			);
			dependencies = (
				04087B5721C2874C00311F0F /* PBXTargetDependency */,
			);
			name = GPUImageDemoTests;
			productName = GPUImageDemoTests;
			productReference = 04087B5521C2874C00311F0F /* GPUImageDemoTests.xctest */;
			productType = "com.apple.product-type.bundle.unit-test";
		};
		04087B5F21C2874C00311F0F /* GPUImageDemoUITests */ = {
			isa = PBXNativeTarget;
			buildConfigurationList = 04087B6F21C2874C00311F0F /* Build configuration list for PBXNativeTarget "GPUImageDemoUITests" */;
			buildPhases = (
				17A43958DDE8BC4DC5AEEC16 /* [CP] Check Pods Manifest.lock */,
				04087B5C21C2874C00311F0F /* Sources */,
				04087B5D21C2874C00311F0F /* Frameworks */,
				04087B5E21C2874C00311F0F /* Resources */,
			);
			buildRules = (
			);
			dependencies = (
				04087B6221C2874C00311F0F /* PBXTargetDependency */,
			);
			name = GPUImageDemoUITests;
			productName = GPUImageDemoUITests;
			productReference = 04087B6021C2874C00311F0F /* GPUImageDemoUITests.xctest */;
			productType = "com.apple.product-type.bundle.ui-testing";
		};
/* End PBXNativeTarget section */

/* Begin PBXProject section */
		04087B3521C2874B00311F0F /* Project object */ = {
			isa = PBXProject;
			attributes = {
				LastUpgradeCheck = 1000;
				ORGANIZATIONNAME = mac;
				TargetAttributes = {
					04087B3C21C2874B00311F0F = {
						CreatedOnToolsVersion = 10.0;
					};
					04087B5421C2874C00311F0F = {
						CreatedOnToolsVersion = 10.0;
						TestTargetID = 04087B3C21C2874B00311F0F;
					};
					04087B5F21C2874C00311F0F = {
						CreatedOnToolsVersion = 10.0;
						TestTargetID = 04087B3C21C2874B00311F0F;
					};
				};
			};
			buildConfigurationList = 04087B3821C2874B00311F0F /* Build configuration list for PBXProject "GPUImageDemo" */;
			compatibilityVersion = "Xcode 9.3";
			developmentRegion = en;
			hasScannedForEncodings = 0;
			knownRegions = (
				en,
				Base,
			);
			mainGroup = 04087B3421C2874B00311F0F;
			productRefGroup = 04087B3E21C2874B00311F0F /* Products */;
			projectDirPath = "";
			projectRoot = "";
			targets = (
				04087B3C21C2874B00311F0F /* GPUImageDemo */,
				04087B5421C2874C00311F0F /* GPUImageDemoTests */,
				04087B5F21C2874C00311F0F /* GPUImageDemoUITests */,
			);
		};
/* End PBXProject section */

/* Begin PBXResourcesBuildPhase section */
		04087B3B21C2874B00311F0F /* Resources */ = {
			isa = PBXResourcesBuildPhase;
			buildActionMask = 2147483647;
			files = (
				04087B4D21C2874C00311F0F /* LaunchScreen.storyboard in Resources */,
				04087B4A21C2874C00311F0F /* Assets.xcassets in Resources */,
				04087B4821C2874B00311F0F /* Main.storyboard in Resources */,
			);
			runOnlyForDeploymentPostprocessing = 0;
		};
		04087B5321C2874C00311F0F /* Resources */ = {
			isa = PBXResourcesBuildPhase;
			buildActionMask = 2147483647;
			files = (
			);
			runOnlyForDeploymentPostprocessing = 0;
		};
		04087B5E21C2874C00311F0F /* Resources */ = {
			isa = PBXResourcesBuildPhase;
			buildActionMask = 2147483647;
			files = (
			);
			runOnlyForDeploymentPostprocessing = 0;
		};
/* End PBXResourcesBuildPhase section */

/* Begin PBXShellScriptBuildPhase section */
		17A43958DDE8BC4DC5AEEC16 /* [CP] Check Pods Manifest.lock */ = {
			isa = PBXShellScriptBuildPhase;
			buildActionMask = 2147483647;
			files = (
			);
			inputPaths = (
				"${PODS_PODFILE_DIR_PATH}/Podfile.lock",
				"${PODS_ROOT}/Manifest.lock",
			);
			name = "[CP] Check Pods Manifest.lock";
			outputPaths = (
				"$(DERIVED_FILE_DIR)/Pods-GPUImageDemoUITests-checkManifestLockResult.txt",
			);
			runOnlyForDeploymentPostprocessing = 0;
			shellPath = /bin/sh;
			shellScript = "diff \"${PODS_PODFILE_DIR_PATH}/Podfile.lock\" \"${PODS_ROOT}/Manifest.lock\" > /dev/null\nif [ $? != 0 ] ; then\n    # print error to STDERR\n    echo \"error: The sandbox is not in sync with the Podfile.lock. Run 'pod install' or update your CocoaPods installation.\" >&2\n    exit 1\nfi\n# This output is used by Xcode 'outputs' to avoid re-running this script phase.\necho \"SUCCESS\" > \"${SCRIPT_OUTPUT_FILE_0}\"\n";
			showEnvVarsInLog = 0;
		};
		508B2C49C34111786A80ED14 /* [CP] Check Pods Manifest.lock */ = {
			isa = PBXShellScriptBuildPhase;
			buildActionMask = 2147483647;
			files = (
			);
			inputPaths = (
				"${PODS_PODFILE_DIR_PATH}/Podfile.lock",
				"${PODS_ROOT}/Manifest.lock",
			);
			name = "[CP] Check Pods Manifest.lock";
			outputPaths = (
				"$(DERIVED_FILE_DIR)/Pods-GPUImageDemoTests-checkManifestLockResult.txt",
			);
			runOnlyForDeploymentPostprocessing = 0;
			shellPath = /bin/sh;
			shellScript = "diff \"${PODS_PODFILE_DIR_PATH}/Podfile.lock\" \"${PODS_ROOT}/Manifest.lock\" > /dev/null\nif [ $? != 0 ] ; then\n    # print error to STDERR\n    echo \"error: The sandbox is not in sync with the Podfile.lock. Run 'pod install' or update your CocoaPods installation.\" >&2\n    exit 1\nfi\n# This output is used by Xcode 'outputs' to avoid re-running this script phase.\necho \"SUCCESS\" > \"${SCRIPT_OUTPUT_FILE_0}\"\n";
			showEnvVarsInLog = 0;
		};
		759E338C1B154B7046BC1F4A /* [CP] Check Pods Manifest.lock */ = {
			isa = PBXShellScriptBuildPhase;
			buildActionMask = 2147483647;
			files = (
			);
			inputPaths = (
				"${PODS_PODFILE_DIR_PATH}/Podfile.lock",
				"${PODS_ROOT}/Manifest.lock",
			);
			name = "[CP] Check Pods Manifest.lock";
			outputPaths = (
				"$(DERIVED_FILE_DIR)/Pods-GPUImageDemo-checkManifestLockResult.txt",
			);
			runOnlyForDeploymentPostprocessing = 0;
			shellPath = /bin/sh;
			shellScript = "diff \"${PODS_PODFILE_DIR_PATH}/Podfile.lock\" \"${PODS_ROOT}/Manifest.lock\" > /dev/null\nif [ $? != 0 ] ; then\n    # print error to STDERR\n    echo \"error: The sandbox is not in sync with the Podfile.lock. Run 'pod install' or update your CocoaPods installation.\" >&2\n    exit 1\nfi\n# This output is used by Xcode 'outputs' to avoid re-running this script phase.\necho \"SUCCESS\" > \"${SCRIPT_OUTPUT_FILE_0}\"\n";
			showEnvVarsInLog = 0;
		};
		95C56AC1E21C6DBDC418C168 /* [CP] Copy Pods Resources */ = {
			isa = PBXShellScriptBuildPhase;
			buildActionMask = 2147483647;
			files = (
			);
			inputPaths = (
				"${SRCROOT}/Pods/Target Support Files/Pods-GPUImageDemo/Pods-GPUImageDemo-resources.sh",
				"${PODS_ROOT}/GPUImage/framework/Resources/lookup.png",
				"${PODS_ROOT}/GPUImage/framework/Resources/lookup_amatorka.png",
				"${PODS_ROOT}/GPUImage/framework/Resources/lookup_miss_etikate.png",
				"${PODS_ROOT}/GPUImage/framework/Resources/lookup_soft_elegance_1.png",
				"${PODS_ROOT}/GPUImage/framework/Resources/lookup_soft_elegance_2.png",
			);
			name = "[CP] Copy Pods Resources";
			outputPaths = (
				"${TARGET_BUILD_DIR}/${UNLOCALIZED_RESOURCES_FOLDER_PATH}/lookup.png",
				"${TARGET_BUILD_DIR}/${UNLOCALIZED_RESOURCES_FOLDER_PATH}/lookup_amatorka.png",
				"${TARGET_BUILD_DIR}/${UNLOCALIZED_RESOURCES_FOLDER_PATH}/lookup_miss_etikate.png",
				"${TARGET_BUILD_DIR}/${UNLOCALIZED_RESOURCES_FOLDER_PATH}/lookup_soft_elegance_1.png",
				"${TARGET_BUILD_DIR}/${UNLOCALIZED_RESOURCES_FOLDER_PATH}/lookup_soft_elegance_2.png",
			);
			runOnlyForDeploymentPostprocessing = 0;
			shellPath = /bin/sh;
			shellScript = "\"${SRCROOT}/Pods/Target Support Files/Pods-GPUImageDemo/Pods-GPUImageDemo-resources.sh\"\n";
			showEnvVarsInLog = 0;
		};
/* End PBXShellScriptBuildPhase section */

/* Begin PBXSourcesBuildPhase section */
		04087B3921C2874B00311F0F /* Sources */ = {
			isa = PBXSourcesBuildPhase;
			buildActionMask = 2147483647;
			files = (
				04087B4521C2874B00311F0F /* ViewController.m in Sources */,
				04087B5021C2874C00311F0F /* main.m in Sources */,
				04087B4221C2874B00311F0F /* AppDelegate.m in Sources */,
			);
			runOnlyForDeploymentPostprocessing = 0;
		};
		04087B5121C2874C00311F0F /* Sources */ = {
			isa = PBXSourcesBuildPhase;
			buildActionMask = 2147483647;
			files = (
				04087B5A21C2874C00311F0F /* GPUImageDemoTests.m in Sources */,
			);
			runOnlyForDeploymentPostprocessing = 0;
		};
		04087B5C21C2874C00311F0F /* Sources */ = {
			isa = PBXSourcesBuildPhase;
			buildActionMask = 2147483647;
			files = (
				04087B6521C2874C00311F0F /* GPUImageDemoUITests.m in Sources */,
			);
			runOnlyForDeploymentPostprocessing = 0;
		};
/* End PBXSourcesBuildPhase section */

/* Begin PBXTargetDependency section */
		04087B5721C2874C00311F0F /* PBXTargetDependency */ = {
			isa = PBXTargetDependency;
			target = 04087B3C21C2874B00311F0F /* GPUImageDemo */;
			targetProxy = 04087B5621C2874C00311F0F /* PBXContainerItemProxy */;
		};
		04087B6221C2874C00311F0F /* PBXTargetDependency */ = {
			isa = PBXTargetDependency;
			target = 04087B3C21C2874B00311F0F /* GPUImageDemo */;
			targetProxy = 04087B6121C2874C00311F0F /* PBXContainerItemProxy */;
		};
/* End PBXTargetDependency section */

/* Begin PBXVariantGroup section */
		04087B4621C2874B00311F0F /* Main.storyboard */ = {
			isa = PBXVariantGroup;
			children = (
				04087B4721C2874B00311F0F /* Base */,
			);
			name = Main.storyboard;
			sourceTree = "<group>";
		};
		04087B4B21C2874C00311F0F /* LaunchScreen.storyboard */ = {
			isa = PBXVariantGroup;
			children = (
				04087B4C21C2874C00311F0F /* Base */,
			);
			name = LaunchScreen.storyboard;
			sourceTree = "<group>";
		};
/* End PBXVariantGroup section */

/* Begin XCBuildConfiguration section */
		04087B6721C2874C00311F0F /* Debug */ = {
			isa = XCBuildConfiguration;
			buildSettings = {
				ALWAYS_SEARCH_USER_PATHS = NO;
				CLANG_ANALYZER_NONNULL = YES;
				CLANG_ANALYZER_NUMBER_OBJECT_CONVERSION = YES_AGGRESSIVE;
				CLANG_CXX_LANGUAGE_STANDARD = "gnu++14";
				CLANG_CXX_LIBRARY = "libc++";
				CLANG_ENABLE_MODULES = YES;
				CLANG_ENABLE_OBJC_ARC = YES;
				CLANG_ENABLE_OBJC_WEAK = YES;
				CLANG_WARN_BLOCK_CAPTURE_AUTORELEASING = YES;
				CLANG_WARN_BOOL_CONVERSION = YES;
				CLANG_WARN_COMMA = YES;
				CLANG_WARN_CONSTANT_CONVERSION = YES;
				CLANG_WARN_DEPRECATED_OBJC_IMPLEMENTATIONS = YES;
				CLANG_WARN_DIRECT_OBJC_ISA_USAGE = YES_ERROR;
				CLANG_WARN_DOCUMENTATION_COMMENTS = YES;
				CLANG_WARN_EMPTY_BODY = YES;
				CLANG_WARN_ENUM_CONVERSION = YES;
				CLANG_WARN_INFINITE_RECURSION = YES;
				CLANG_WARN_INT_CONVERSION = YES;
				CLANG_WARN_NON_LITERAL_NULL_CONVERSION = YES;
				CLANG_WARN_OBJC_IMPLICIT_RETAIN_SELF = YES;
				CLANG_WARN_OBJC_LITERAL_CONVERSION = YES;
				CLANG_WARN_OBJC_ROOT_CLASS = YES_ERROR;
				CLANG_WARN_RANGE_LOOP_ANALYSIS = YES;
				CLANG_WARN_STRICT_PROTOTYPES = YES;
				CLANG_WARN_SUSPICIOUS_MOVE = YES;
				CLANG_WARN_UNGUARDED_AVAILABILITY = YES_AGGRESSIVE;
				CLANG_WARN_UNREACHABLE_CODE = YES;
				CLANG_WARN__DUPLICATE_METHOD_MATCH = YES;
				CODE_SIGN_IDENTITY = "iPhone Developer";
				COPY_PHASE_STRIP = NO;
				DEBUG_INFORMATION_FORMAT = dwarf;
				ENABLE_STRICT_OBJC_MSGSEND = YES;
				ENABLE_TESTABILITY = YES;
				GCC_C_LANGUAGE_STANDARD = gnu11;
				GCC_DYNAMIC_NO_PIC = NO;
				GCC_NO_COMMON_BLOCKS = YES;
				GCC_OPTIMIZATION_LEVEL = 0;
				GCC_PREPROCESSOR_DEFINITIONS = (
					"DEBUG=1",
					"$(inherited)",
				);
				GCC_WARN_64_TO_32_BIT_CONVERSION = YES;
				GCC_WARN_ABOUT_RETURN_TYPE = YES_ERROR;
				GCC_WARN_UNDECLARED_SELECTOR = YES;
				GCC_WARN_UNINITIALIZED_AUTOS = YES_AGGRESSIVE;
				GCC_WARN_UNUSED_FUNCTION = YES;
				GCC_WARN_UNUSED_VARIABLE = YES;
				IPHONEOS_DEPLOYMENT_TARGET = 12.0;
				MTL_ENABLE_DEBUG_INFO = INCLUDE_SOURCE;
				MTL_FAST_MATH = YES;
				ONLY_ACTIVE_ARCH = YES;
				SDKROOT = iphoneos;
			};
			name = Debug;
		};
		04087B6821C2874C00311F0F /* Release */ = {
			isa = XCBuildConfiguration;
			buildSettings = {
				ALWAYS_SEARCH_USER_PATHS = NO;
				CLANG_ANALYZER_NONNULL = YES;
				CLANG_ANALYZER_NUMBER_OBJECT_CONVERSION = YES_AGGRESSIVE;
				CLANG_CXX_LANGUAGE_STANDARD = "gnu++14";
				CLANG_CXX_LIBRARY = "libc++";
				CLANG_ENABLE_MODULES = YES;
				CLANG_ENABLE_OBJC_ARC = YES;
				CLANG_ENABLE_OBJC_WEAK = YES;
				CLANG_WARN_BLOCK_CAPTURE_AUTORELEASING = YES;
				CLANG_WARN_BOOL_CONVERSION = YES;
				CLANG_WARN_COMMA = YES;
				CLANG_WARN_CONSTANT_CONVERSION = YES;
				CLANG_WARN_DEPRECATED_OBJC_IMPLEMENTATIONS = YES;
				CLANG_WARN_DIRECT_OBJC_ISA_USAGE = YES_ERROR;
				CLANG_WARN_DOCUMENTATION_COMMENTS = YES;
				CLANG_WARN_EMPTY_BODY = YES;
				CLANG_WARN_ENUM_CONVERSION = YES;
				CLANG_WARN_INFINITE_RECURSION = YES;
				CLANG_WARN_INT_CONVERSION = YES;
				CLANG_WARN_NON_LITERAL_NULL_CONVERSION = YES;
				CLANG_WARN_OBJC_IMPLICIT_RETAIN_SELF = YES;
				CLANG_WARN_OBJC_LITERAL_CONVERSION = YES;
				CLANG_WARN_OBJC_ROOT_CLASS = YES_ERROR;
				CLANG_WARN_RANGE_LOOP_ANALYSIS = YES;
				CLANG_WARN_STRICT_PROTOTYPES = YES;
				CLANG_WARN_SUSPICIOUS_MOVE = YES;
				CLANG_WARN_UNGUARDED_AVAILABILITY = YES_AGGRESSIVE;
				CLANG_WARN_UNREACHABLE_CODE = YES;
				CLANG_WARN__DUPLICATE_METHOD_MATCH = YES;
				CODE_SIGN_IDENTITY = "iPhone Developer";
				COPY_PHASE_STRIP = NO;
				DEBUG_INFORMATION_FORMAT = "dwarf-with-dsym";
				ENABLE_NS_ASSERTIONS = NO;
				ENABLE_STRICT_OBJC_MSGSEND = YES;
				GCC_C_LANGUAGE_STANDARD = gnu11;
				GCC_NO_COMMON_BLOCKS = YES;
				GCC_WARN_64_TO_32_BIT_CONVERSION = YES;
				GCC_WARN_ABOUT_RETURN_TYPE = YES_ERROR;
				GCC_WARN_UNDECLARED_SELECTOR = YES;
				GCC_WARN_UNINITIALIZED_AUTOS = YES_AGGRESSIVE;
				GCC_WARN_UNUSED_FUNCTION = YES;
				GCC_WARN_UNUSED_VARIABLE = YES;
				IPHONEOS_DEPLOYMENT_TARGET = 12.0;
				MTL_ENABLE_DEBUG_INFO = NO;
				MTL_FAST_MATH = YES;
				SDKROOT = iphoneos;
				VALIDATE_PRODUCT = YES;
			};
			name = Release;
		};
		04087B6A21C2874C00311F0F /* Debug */ = {
			isa = XCBuildConfiguration;
			baseConfigurationReference = E011EE2D518DB4B2B98DE0E4 /* Pods-GPUImageDemo.debug.xcconfig */;
			buildSettings = {
				ASSETCATALOG_COMPILER_APPICON_NAME = AppIcon;
				CODE_SIGN_STYLE = Automatic;
				DEVELOPMENT_TEAM = 4825PPV66L;
				INFOPLIST_FILE = GPUImageDemo/Info.plist;
				IPHONEOS_DEPLOYMENT_TARGET = 10.0;
				LD_RUNPATH_SEARCH_PATHS = (
					"$(inherited)",
					"@executable_path/Frameworks",
				);
				PRODUCT_BUNDLE_IDENTIFIER = com.leixiang.GPUImageDemo;
				PRODUCT_NAME = "$(TARGET_NAME)";
				TARGETED_DEVICE_FAMILY = "1,2";
			};
			name = Debug;
		};
		04087B6B21C2874C00311F0F /* Release */ = {
			isa = XCBuildConfiguration;
			baseConfigurationReference = 559C03D19879AB77184BCFDF /* Pods-GPUImageDemo.release.xcconfig */;
			buildSettings = {
				ASSETCATALOG_COMPILER_APPICON_NAME = AppIcon;
				CODE_SIGN_STYLE = Automatic;
				DEVELOPMENT_TEAM = 4825PPV66L;
				INFOPLIST_FILE = GPUImageDemo/Info.plist;
				IPHONEOS_DEPLOYMENT_TARGET = 10.0;
				LD_RUNPATH_SEARCH_PATHS = (
					"$(inherited)",
					"@executable_path/Frameworks",
				);
				PRODUCT_BUNDLE_IDENTIFIER = com.leixiang.GPUImageDemo;
				PRODUCT_NAME = "$(TARGET_NAME)";
				TARGETED_DEVICE_FAMILY = "1,2";
			};
			name = Release;
		};
		04087B6D21C2874C00311F0F /* Debug */ = {
			isa = XCBuildConfiguration;
			baseConfigurationReference = F06F30E074C6812C31C28828 /* Pods-GPUImageDemoTests.debug.xcconfig */;
			buildSettings = {
				BUNDLE_LOADER = "$(TEST_HOST)";
				CODE_SIGN_STYLE = Automatic;
				DEVELOPMENT_TEAM = 4825PPV66L;
				INFOPLIST_FILE = GPUImageDemoTests/Info.plist;
				LD_RUNPATH_SEARCH_PATHS = (
					"$(inherited)",
					"@executable_path/Frameworks",
					"@loader_path/Frameworks",
				);
				PRODUCT_BUNDLE_IDENTIFIER = com.leixiang.GPUImageDemoTests;
				PRODUCT_NAME = "$(TARGET_NAME)";
				TARGETED_DEVICE_FAMILY = "1,2";
				TEST_HOST = "$(BUILT_PRODUCTS_DIR)/GPUImageDemo.app/GPUImageDemo";
			};
			name = Debug;
		};
		04087B6E21C2874C00311F0F /* Release */ = {
			isa = XCBuildConfiguration;
			baseConfigurationReference = 8F84FB8BB95D31B58FD4B808 /* Pods-GPUImageDemoTests.release.xcconfig */;
			buildSettings = {
				BUNDLE_LOADER = "$(TEST_HOST)";
				CODE_SIGN_STYLE = Automatic;
				DEVELOPMENT_TEAM = 4825PPV66L;
				INFOPLIST_FILE = GPUImageDemoTests/Info.plist;
				LD_RUNPATH_SEARCH_PATHS = (
					"$(inherited)",
					"@executable_path/Frameworks",
					"@loader_path/Frameworks",
				);
				PRODUCT_BUNDLE_IDENTIFIER = com.leixiang.GPUImageDemoTests;
				PRODUCT_NAME = "$(TARGET_NAME)";
				TARGETED_DEVICE_FAMILY = "1,2";
				TEST_HOST = "$(BUILT_PRODUCTS_DIR)/GPUImageDemo.app/GPUImageDemo";
			};
			name = Release;
		};
		04087B7021C2874C00311F0F /* Debug */ = {
			isa = XCBuildConfiguration;
			baseConfigurationReference = 1ECD46D1C86EBBDB192ADA27 /* Pods-GPUImageDemoUITests.debug.xcconfig */;
			buildSettings = {
				CODE_SIGN_STYLE = Automatic;
				DEVELOPMENT_TEAM = 4825PPV66L;
				INFOPLIST_FILE = GPUImageDemoUITests/Info.plist;
				LD_RUNPATH_SEARCH_PATHS = (
					"$(inherited)",
					"@executable_path/Frameworks",
					"@loader_path/Frameworks",
				);
				PRODUCT_BUNDLE_IDENTIFIER = com.leixiang.GPUImageDemoUITests;
				PRODUCT_NAME = "$(TARGET_NAME)";
				TARGETED_DEVICE_FAMILY = "1,2";
				TEST_TARGET_NAME = GPUImageDemo;
			};
			name = Debug;
		};
		04087B7121C2874C00311F0F /* Release */ = {
			isa = XCBuildConfiguration;
			baseConfigurationReference = 6483F8777993FC424B986CEF /* Pods-GPUImageDemoUITests.release.xcconfig */;
			buildSettings = {
				CODE_SIGN_STYLE = Automatic;
				DEVELOPMENT_TEAM = 4825PPV66L;
				INFOPLIST_FILE = GPUImageDemoUITests/Info.plist;
				LD_RUNPATH_SEARCH_PATHS = (
					"$(inherited)",
					"@executable_path/Frameworks",
					"@loader_path/Frameworks",
				);
				PRODUCT_BUNDLE_IDENTIFIER = com.leixiang.GPUImageDemoUITests;
				PRODUCT_NAME = "$(TARGET_NAME)";
				TARGETED_DEVICE_FAMILY = "1,2";
				TEST_TARGET_NAME = GPUImageDemo;
			};
			name = Release;
		};
/* End XCBuildConfiguration section */

/* Begin XCConfigurationList section */
		04087B3821C2874B00311F0F /* Build configuration list for PBXProject "GPUImageDemo" */ = {
			isa = XCConfigurationList;
			buildConfigurations = (
				04087B6721C2874C00311F0F /* Debug */,
				04087B6821C2874C00311F0F /* Release */,
			);
			defaultConfigurationIsVisible = 0;
			defaultConfigurationName = Release;
		};
		04087B6921C2874C00311F0F /* Build configuration list for PBXNativeTarget "GPUImageDemo" */ = {
			isa = XCConfigurationList;
			buildConfigurations = (
				04087B6A21C2874C00311F0F /* Debug */,
				04087B6B21C2874C00311F0F /* Release */,
			);
			defaultConfigurationIsVisible = 0;
			defaultConfigurationName = Release;
		};
		04087B6C21C2874C00311F0F /* Build configuration list for PBXNativeTarget "GPUImageDemoTests" */ = {
			isa = XCConfigurationList;
			buildConfigurations = (
				04087B6D21C2874C00311F0F /* Debug */,
				04087B6E21C2874C00311F0F /* Release */,
			);
			defaultConfigurationIsVisible = 0;
			defaultConfigurationName = Release;
		};
		04087B6F21C2874C00311F0F /* Build configuration list for PBXNativeTarget "GPUImageDemoUITests" */ = {
			isa = XCConfigurationList;
			buildConfigurations = (
				04087B7021C2874C00311F0F /* Debug */,
				04087B7121C2874C00311F0F /* Release */,
			);
			defaultConfigurationIsVisible = 0;
			defaultConfigurationName = Release;
		};
/* End XCConfigurationList section */
	};
	rootObject = 04087B3521C2874B00311F0F /* Project object */;
}
